// !$*UTF8*$!
{
	archiveVersion = 1;
	classes = {
	};
	objectVersion = 46;
	objects = {

/* Begin PBXBuildFile section */
		DC51559E1C2A51A7003A4581 /* Grid.atlas in Resources */ = {isa = PBXBuildFile; fileRef = DC51559D1C2A51A7003A4581 /* Grid.atlas */; };
		DC5155A01C2A59A7003A4581 /* Sprites.atlas in Resources */ = {isa = PBXBuildFile; fileRef = DC51559F1C2A59A7003A4581 /* Sprites.atlas */; };
		DC5155AA1C2A59E1003A4581 /* Chomp.wav in Resources */ = {isa = PBXBuildFile; fileRef = DC5155A41C2A59E1003A4581 /* Chomp.wav */; };
		DC5155AB1C2A59E1003A4581 /* Drip.wav in Resources */ = {isa = PBXBuildFile; fileRef = DC5155A51C2A59E1003A4581 /* Drip.wav */; };
		DC5155AC1C2A59E1003A4581 /* Error.wav in Resources */ = {isa = PBXBuildFile; fileRef = DC5155A61C2A59E1003A4581 /* Error.wav */; };
		DC5155AD1C2A59E1003A4581 /* Ka-Ching.wav in Resources */ = {isa = PBXBuildFile; fileRef = DC5155A71C2A59E1003A4581 /* Ka-Ching.wav */; };
		DC5155AE1C2A59E1003A4581 /* Mining by Moonlight.mp3 in Resources */ = {isa = PBXBuildFile; fileRef = DC5155A81C2A59E1003A4581 /* Mining by Moonlight.mp3 */; };
		DC5155AF1C2A59E1003A4581 /* Scrape.wav in Resources */ = {isa = PBXBuildFile; fileRef = DC5155A91C2A59E1003A4581 /* Scrape.wav */; };
		DCA3F3481C291F4E00CC7B76 /* AppDelegate.swift in Sources */ = {isa = PBXBuildFile; fileRef = DCA3F3471C291F4E00CC7B76 /* AppDelegate.swift */; };
		DCA3F34C1C291F4E00CC7B76 /* GameScene.swift in Sources */ = {isa = PBXBuildFile; fileRef = DCA3F34B1C291F4E00CC7B76 /* GameScene.swift */; };
		DCA3F34E1C291F4E00CC7B76 /* GameViewController.swift in Sources */ = {isa = PBXBuildFile; fileRef = DCA3F34D1C291F4E00CC7B76 /* GameViewController.swift */; };
		DCA3F3511C291F4E00CC7B76 /* Main.storyboard in Resources */ = {isa = PBXBuildFile; fileRef = DCA3F34F1C291F4E00CC7B76 /* Main.storyboard */; };
		DCA3F3531C291F4E00CC7B76 /* Assets.xcassets in Resources */ = {isa = PBXBuildFile; fileRef = DCA3F3521C291F4E00CC7B76 /* Assets.xcassets */; };
		DCA3F3561C291F4E00CC7B76 /* LaunchScreen.storyboard in Resources */ = {isa = PBXBuildFile; fileRef = DCA3F3541C291F4E00CC7B76 /* LaunchScreen.storyboard */; };
		DCA3F3601C29255E00CC7B76 /* Cookie.swift in Sources */ = {isa = PBXBuildFile; fileRef = DCA3F35F1C29255E00CC7B76 /* Cookie.swift */; };
		DCA3F3621C29297900CC7B76 /* Array2D.swift in Sources */ = {isa = PBXBuildFile; fileRef = DCA3F3611C29297900CC7B76 /* Array2D.swift */; };
		DCA3F3641C29999F00CC7B76 /* Level.swift in Sources */ = {isa = PBXBuildFile; fileRef = DCA3F3631C29999F00CC7B76 /* Level.swift */; };
		DCA3F36B1C29C0B700CC7B76 /* Level_0.json in Resources */ = {isa = PBXBuildFile; fileRef = DCA3F3661C29C0B700CC7B76 /* Level_0.json */; };
		DCA3F36C1C29C0B700CC7B76 /* Level_1.json in Resources */ = {isa = PBXBuildFile; fileRef = DCA3F3671C29C0B700CC7B76 /* Level_1.json */; };
		DCA3F36D1C29C0B700CC7B76 /* Level_2.json in Resources */ = {isa = PBXBuildFile; fileRef = DCA3F3681C29C0B700CC7B76 /* Level_2.json */; };
		DCA3F36E1C29C0B700CC7B76 /* Level_3.json in Resources */ = {isa = PBXBuildFile; fileRef = DCA3F3691C29C0B700CC7B76 /* Level_3.json */; };
		DCA3F36F1C29C0B700CC7B76 /* Level_4.json in Resources */ = {isa = PBXBuildFile; fileRef = DCA3F36A1C29C0B700CC7B76 /* Level_4.json */; };
		DCA3F3731C29C12D00CC7B76 /* Tile.swift in Sources */ = {isa = PBXBuildFile; fileRef = DCA3F3721C29C12D00CC7B76 /* Tile.swift */; };
		DCA3F3761C29C1F400CC7B76 /* Extensions.swift in Sources */ = {isa = PBXBuildFile; fileRef = DCA3F3751C29C1F400CC7B76 /* Extensions.swift */; };
		DCA3F3781C29D90400CC7B76 /* Swap.swift in Sources */ = {isa = PBXBuildFile; fileRef = DCA3F3771C29D90400CC7B76 /* Swap.swift */; };
		DCA3F3941C29EF1900CC7B76 /* Chain.swift in Sources */ = {isa = PBXBuildFile; fileRef = DCA3F3931C29EF1900CC7B76 /* Chain.swift */; };
/* End PBXBuildFile section */

/* Begin PBXFileReference section */
		DC51559D1C2A51A7003A4581 /* Grid.atlas */ = {isa = PBXFileReference; lastKnownFileType = folder.skatlas; path = Grid.atlas; sourceTree = "<group>"; };
		DC51559F1C2A59A7003A4581 /* Sprites.atlas */ = {isa = PBXFileReference; lastKnownFileType = folder.skatlas; path = Sprites.atlas; sourceTree = "<group>"; };
		DC5155A41C2A59E1003A4581 /* Chomp.wav */ = {isa = PBXFileReference; lastKnownFileType = audio.wav; path = Chomp.wav; sourceTree = "<group>"; };
		DC5155A51C2A59E1003A4581 /* Drip.wav */ = {isa = PBXFileReference; lastKnownFileType = audio.wav; path = Drip.wav; sourceTree = "<group>"; };
		DC5155A61C2A59E1003A4581 /* Error.wav */ = {isa = PBXFileReference; lastKnownFileType = audio.wav; path = Error.wav; sourceTree = "<group>"; };
		DC5155A71C2A59E1003A4581 /* Ka-Ching.wav */ = {isa = PBXFileReference; lastKnownFileType = audio.wav; path = "Ka-Ching.wav"; sourceTree = "<group>"; };
		DC5155A81C2A59E1003A4581 /* Mining by Moonlight.mp3 */ = {isa = PBXFileReference; lastKnownFileType = audio.mp3; path = "Mining by Moonlight.mp3"; sourceTree = "<group>"; };
		DC5155A91C2A59E1003A4581 /* Scrape.wav */ = {isa = PBXFileReference; lastKnownFileType = audio.wav; path = Scrape.wav; sourceTree = "<group>"; };
		DCA3F3441C291F4E00CC7B76 /* CookieCrunch.app */ = {isa = PBXFileReference; explicitFileType = wrapper.application; includeInIndex = 0; path = CookieCrunch.app; sourceTree = BUILT_PRODUCTS_DIR; };
		DCA3F3471C291F4E00CC7B76 /* AppDelegate.swift */ = {isa = PBXFileReference; lastKnownFileType = sourcecode.swift; path = AppDelegate.swift; sourceTree = "<group>"; };
		DCA3F34B1C291F4E00CC7B76 /* GameScene.swift */ = {isa = PBXFileReference; lastKnownFileType = sourcecode.swift; path = GameScene.swift; sourceTree = "<group>"; };
		DCA3F34D1C291F4E00CC7B76 /* GameViewController.swift */ = {isa = PBXFileReference; lastKnownFileType = sourcecode.swift; path = GameViewController.swift; sourceTree = "<group>"; };
		DCA3F3501C291F4E00CC7B76 /* Base */ = {isa = PBXFileReference; lastKnownFileType = file.storyboard; name = Base; path = Base.lproj/Main.storyboard; sourceTree = "<group>"; };
		DCA3F3521C291F4E00CC7B76 /* Assets.xcassets */ = {isa = PBXFileReference; lastKnownFileType = folder.assetcatalog; path = Assets.xcassets; sourceTree = "<group>"; };
		DCA3F3551C291F4E00CC7B76 /* Base */ = {isa = PBXFileReference; lastKnownFileType = file.storyboard; name = Base; path = Base.lproj/LaunchScreen.storyboard; sourceTree = "<group>"; };
		DCA3F3571C291F4E00CC7B76 /* Info.plist */ = {isa = PBXFileReference; lastKnownFileType = text.plist.xml; path = Info.plist; sourceTree = "<group>"; };
		DCA3F35F1C29255E00CC7B76 /* Cookie.swift */ = {isa = PBXFileReference; fileEncoding = 4; lastKnownFileType = sourcecode.swift; path = Cookie.swift; sourceTree = "<group>"; };
		DCA3F3611C29297900CC7B76 /* Array2D.swift */ = {isa = PBXFileReference; fileEncoding = 4; lastKnownFileType = sourcecode.swift; path = Array2D.swift; sourceTree = "<group>"; };
		DCA3F3631C29999F00CC7B76 /* Level.swift */ = {isa = PBXFileReference; fileEncoding = 4; lastKnownFileType = sourcecode.swift; path = Level.swift; sourceTree = "<group>"; };
		DCA3F3661C29C0B700CC7B76 /* Level_0.json */ = {isa = PBXFileReference; fileEncoding = 4; lastKnownFileType = text.json; path = Level_0.json; sourceTree = "<group>"; };
		DCA3F3671C29C0B700CC7B76 /* Level_1.json */ = {isa = PBXFileReference; fileEncoding = 4; lastKnownFileType = text.json; path = Level_1.json; sourceTree = "<group>"; };
		DCA3F3681C29C0B700CC7B76 /* Level_2.json */ = {isa = PBXFileReference; fileEncoding = 4; lastKnownFileType = text.json; path = Level_2.json; sourceTree = "<group>"; };
		DCA3F3691C29C0B700CC7B76 /* Level_3.json */ = {isa = PBXFileReference; fileEncoding = 4; lastKnownFileType = text.json; path = Level_3.json; sourceTree = "<group>"; };
		DCA3F36A1C29C0B700CC7B76 /* Level_4.json */ = {isa = PBXFileReference; fileEncoding = 4; lastKnownFileType = text.json; path = Level_4.json; sourceTree = "<group>"; };
		DCA3F3721C29C12D00CC7B76 /* Tile.swift */ = {isa = PBXFileReference; fileEncoding = 4; lastKnownFileType = sourcecode.swift; path = Tile.swift; sourceTree = "<group>"; };
		DCA3F3751C29C1F400CC7B76 /* Extensions.swift */ = {isa = PBXFileReference; fileEncoding = 4; lastKnownFileType = sourcecode.swift; path = Extensions.swift; sourceTree = "<group>"; };
		DCA3F3771C29D90400CC7B76 /* Swap.swift */ = {isa = PBXFileReference; fileEncoding = 4; lastKnownFileType = sourcecode.swift; path = Swap.swift; sourceTree = "<group>"; };
		DCA3F3931C29EF1900CC7B76 /* Chain.swift */ = {isa = PBXFileReference; fileEncoding = 4; lastKnownFileType = sourcecode.swift; path = Chain.swift; sourceTree = "<group>"; };
/* End PBXFileReference section */

/* Begin PBXFrameworksBuildPhase section */
		DCA3F3411C291F4E00CC7B76 /* Frameworks */ = {
			isa = PBXFrameworksBuildPhase;
			buildActionMask = 2147483647;
			files = (
			);
			runOnlyForDeploymentPostprocessing = 0;
		};
/* End PBXFrameworksBuildPhase section */

/* Begin PBXGroup section */
		DC5155A31C2A59E1003A4581 /* Sounds */ = {
			isa = PBXGroup;
			children = (
				DC5155A41C2A59E1003A4581 /* Chomp.wav */,
				DC5155A51C2A59E1003A4581 /* Drip.wav */,
				DC5155A61C2A59E1003A4581 /* Error.wav */,
				DC5155A71C2A59E1003A4581 /* Ka-Ching.wav */,
				DC5155A81C2A59E1003A4581 /* Mining by Moonlight.mp3 */,
				DC5155A91C2A59E1003A4581 /* Scrape.wav */,
			);
			path = Sounds;
			sourceTree = "<group>";
		};
		DCA3F33B1C291F4E00CC7B76 = {
			isa = PBXGroup;
			children = (
				DCA3F3461C291F4E00CC7B76 /* CookieCrunch */,
				DCA3F3451C291F4E00CC7B76 /* Products */,
			);
			sourceTree = "<group>";
		};
		DCA3F3451C291F4E00CC7B76 /* Products */ = {
			isa = PBXGroup;
			children = (
				DCA3F3441C291F4E00CC7B76 /* CookieCrunch.app */,
			);
			name = Products;
			sourceTree = "<group>";
		};
		DCA3F3461C291F4E00CC7B76 /* CookieCrunch */ = {
			isa = PBXGroup;
			children = (
				DCA3F3471C291F4E00CC7B76 /* AppDelegate.swift */,
				DCA3F3741C29C1E300CC7B76 /* Utils */,
				DCA3F3711C29C11100CC7B76 /* View */,
				DCA3F3701C29C0FB00CC7B76 /* Model */,
				DCA3F34D1C291F4E00CC7B76 /* GameViewController.swift */,
				DCA3F34F1C291F4E00CC7B76 /* Main.storyboard */,
				DCA3F3541C291F4E00CC7B76 /* LaunchScreen.storyboard */,
				DCA3F3571C291F4E00CC7B76 /* Info.plist */,
				DCA3F3521C291F4E00CC7B76 /* Assets.xcassets */,
				DC5155A31C2A59E1003A4581 /* Sounds */,
				DCA3F3651C29C0B700CC7B76 /* Levels */,
				DC51559D1C2A51A7003A4581 /* Grid.atlas */,
				DC51559F1C2A59A7003A4581 /* Sprites.atlas */,
			);
			path = CookieCrunch;
			sourceTree = "<group>";
		};
		DCA3F3651C29C0B700CC7B76 /* Levels */ = {
			isa = PBXGroup;
			children = (
				DCA3F3661C29C0B700CC7B76 /* Level_0.json */,
				DCA3F3671C29C0B700CC7B76 /* Level_1.json */,
				DCA3F3681C29C0B700CC7B76 /* Level_2.json */,
				DCA3F3691C29C0B700CC7B76 /* Level_3.json */,
				DCA3F36A1C29C0B700CC7B76 /* Level_4.json */,
			);
			path = Levels;
			sourceTree = "<group>";
		};
		DCA3F3701C29C0FB00CC7B76 /* Model */ = {
			isa = PBXGroup;
			children = (
				DCA3F3631C29999F00CC7B76 /* Level.swift */,
				DCA3F35F1C29255E00CC7B76 /* Cookie.swift */,
				DCA3F3721C29C12D00CC7B76 /* Tile.swift */,
				DCA3F3771C29D90400CC7B76 /* Swap.swift */,
				DCA3F3931C29EF1900CC7B76 /* Chain.swift */,
			);
			name = Model;
			sourceTree = "<group>";
		};
		DCA3F3711C29C11100CC7B76 /* View */ = {
			isa = PBXGroup;
			children = (
				DCA3F34B1C291F4E00CC7B76 /* GameScene.swift */,
			);
			name = View;
			sourceTree = "<group>";
		};
		DCA3F3741C29C1E300CC7B76 /* Utils */ = {
			isa = PBXGroup;
			children = (
				DCA3F3611C29297900CC7B76 /* Array2D.swift */,
				DCA3F3751C29C1F400CC7B76 /* Extensions.swift */,
			);
			name = Utils;
			sourceTree = "<group>";
		};
/* End PBXGroup section */

/* Begin PBXNativeTarget section */
		DCA3F3431C291F4E00CC7B76 /* CookieCrunch */ = {
			isa = PBXNativeTarget;
			buildConfigurationList = DCA3F35A1C291F4E00CC7B76 /* Build configuration list for PBXNativeTarget "CookieCrunch" */;
			buildPhases = (
				DCA3F3401C291F4E00CC7B76 /* Sources */,
				DCA3F3411C291F4E00CC7B76 /* Frameworks */,
				DCA3F3421C291F4E00CC7B76 /* Resources */,
			);
			buildRules = (
			);
			dependencies = (
			);
			name = CookieCrunch;
			productName = CookieCrunch;
			productReference = DCA3F3441C291F4E00CC7B76 /* CookieCrunch.app */;
			productType = "com.apple.product-type.application";
		};
/* End PBXNativeTarget section */

/* Begin PBXProject section */
		DCA3F33C1C291F4E00CC7B76 /* Project object */ = {
			isa = PBXProject;
			attributes = {
				LastSwiftUpdateCheck = 0720;
				LastUpgradeCheck = 0720;
				ORGANIZATIONNAME = "Stephen Schwahn";
				TargetAttributes = {
					DCA3F3431C291F4E00CC7B76 = {
						CreatedOnToolsVersion = 7.2;
						DevelopmentTeam = 74AQC9MWA6;
					};
				};
			};
			buildConfigurationList = DCA3F33F1C291F4E00CC7B76 /* Build configuration list for PBXProject "CookieCrunch" */;
			compatibilityVersion = "Xcode 3.2";
			developmentRegion = English;
			hasScannedForEncodings = 0;
			knownRegions = (
				en,
				Base,
			);
			mainGroup = DCA3F33B1C291F4E00CC7B76;
			productRefGroup = DCA3F3451C291F4E00CC7B76 /* Products */;
			projectDirPath = "";
			projectRoot = "";
			targets = (
				DCA3F3431C291F4E00CC7B76 /* CookieCrunch */,
			);
		};
/* End PBXProject section */

/* Begin PBXResourcesBuildPhase section */
		DCA3F3421C291F4E00CC7B76 /* Resources */ = {
			isa = PBXResourcesBuildPhase;
			buildActionMask = 2147483647;
			files = (
				DCA3F3561C291F4E00CC7B76 /* LaunchScreen.storyboard in Resources */,
				DCA3F36F1C29C0B700CC7B76 /* Level_4.json in Resources */,
				DC5155AD1C2A59E1003A4581 /* Ka-Ching.wav in Resources */,
				DC5155AC1C2A59E1003A4581 /* Error.wav in Resources */,
				DC5155AF1C2A59E1003A4581 /* Scrape.wav in Resources */,
				DC51559E1C2A51A7003A4581 /* Grid.atlas in Resources */,
				DCA3F36D1C29C0B700CC7B76 /* Level_2.json in Resources */,
				DCA3F36B1C29C0B700CC7B76 /* Level_0.json in Resources */,
				DCA3F3531C291F4E00CC7B76 /* Assets.xcassets in Resources */,
				DC5155AA1C2A59E1003A4581 /* Chomp.wav in Resources */,
				DC5155AB1C2A59E1003A4581 /* Drip.wav in Resources */,
				DCA3F3511C291F4E00CC7B76 /* Main.storyboard in Resources */,
				DC5155A01C2A59A7003A4581 /* Sprites.atlas in Resources */,
				DCA3F36C1C29C0B700CC7B76 /* Level_1.json in Resources */,
				DC5155AE1C2A59E1003A4581 /* Mining by Moonlight.mp3 in Resources */,
				DCA3F36E1C29C0B700CC7B76 /* Level_3.json in Resources */,
			);
			runOnlyForDeploymentPostprocessing = 0;
		};
/* End PBXResourcesBuildPhase section */

/* Begin PBXSourcesBuildPhase section */
		DCA3F3401C291F4E00CC7B76 /* Sources */ = {
			isa = PBXSourcesBuildPhase;
			buildActionMask = 2147483647;
			files = (
				DCA3F3641C29999F00CC7B76 /* Level.swift in Sources */,
				DCA3F34C1C291F4E00CC7B76 /* GameScene.swift in Sources */,
				DCA3F3601C29255E00CC7B76 /* Cookie.swift in Sources */,
				DCA3F3761C29C1F400CC7B76 /* Extensions.swift in Sources */,
				DCA3F3731C29C12D00CC7B76 /* Tile.swift in Sources */,
				DCA3F3941C29EF1900CC7B76 /* Chain.swift in Sources */,
				DCA3F34E1C291F4E00CC7B76 /* GameViewController.swift in Sources */,
				DCA3F3481C291F4E00CC7B76 /* AppDelegate.swift in Sources */,
				DCA3F3621C29297900CC7B76 /* Array2D.swift in Sources */,
				DCA3F3781C29D90400CC7B76 /* Swap.swift in Sources */,
			);
			runOnlyForDeploymentPostprocessing = 0;
		};
/* End PBXSourcesBuildPhase section */

/* Begin PBXVariantGroup section */
		DCA3F34F1C291F4E00CC7B76 /* Main.storyboard */ = {
			isa = PBXVariantGroup;
			children = (
				DCA3F3501C291F4E00CC7B76 /* Base */,
			);
			name = Main.storyboard;
			sourceTree = "<group>";
		};
		DCA3F3541C291F4E00CC7B76 /* LaunchScreen.storyboard */ = {
			isa = PBXVariantGroup;
			children = (
				DCA3F3551C291F4E00CC7B76 /* Base */,
			);
			name = LaunchScreen.storyboard;
			sourceTree = "<group>";
		};
/* End PBXVariantGroup section */

/* Begin XCBuildConfiguration section */
		DCA3F3581C291F4E00CC7B76 /* Debug */ = {
			isa = XCBuildConfiguration;
			buildSettings = {
				ALWAYS_SEARCH_USER_PATHS = NO;
				CLANG_CXX_LANGUAGE_STANDARD = "gnu++0x";
				CLANG_CXX_LIBRARY = "libc++";
				CLANG_ENABLE_MODULES = YES;
				CLANG_ENABLE_OBJC_ARC = YES;
				CLANG_WARN_BOOL_CONVERSION = YES;
				CLANG_WARN_CONSTANT_CONVERSION = YES;
				CLANG_WARN_DIRECT_OBJC_ISA_USAGE = YES_ERROR;
				CLANG_WARN_EMPTY_BODY = YES;
				CLANG_WARN_ENUM_CONVERSION = YES;
				CLANG_WARN_INT_CONVERSION = YES;
				CLANG_WARN_OBJC_ROOT_CLASS = YES_ERROR;
				CLANG_WARN_UNREACHABLE_CODE = YES;
				CLANG_WARN__DUPLICATE_METHOD_MATCH = YES;
				"CODE_SIGN_IDENTITY[sdk=iphoneos*]" = "iPhone Developer";
				COPY_PHASE_STRIP = NO;
				DEBUG_INFORMATION_FORMAT = "dwarf-with-dsym";
				ENABLE_STRICT_OBJC_MSGSEND = YES;
				ENABLE_TESTABILITY = YES;
				GCC_C_LANGUAGE_STANDARD = gnu99;
				GCC_DYNAMIC_NO_PIC = NO;
				GCC_NO_COMMON_BLOCKS = YES;
				GCC_OPTIMIZATION_LEVEL = 0;
				GCC_PREPROCESSOR_DEFINITIONS = (
					"DEBUG=1",
					"$(inherited)",
				);
				GCC_WARN_64_TO_32_BIT_CONVERSION = YES;
				GCC_WARN_ABOUT_RETURN_TYPE = YES_ERROR;
				GCC_WARN_UNDECLARED_SELECTOR = YES;
				GCC_WARN_UNINITIALIZED_AUTOS = YES_AGGRESSIVE;
				GCC_WARN_UNUSED_FUNCTION = YES;
				GCC_WARN_UNUSED_VARIABLE = YES;
				IPHONEOS_DEPLOYMENT_TARGET = 9.2;
				MTL_ENABLE_DEBUG_INFO = YES;
				ONLY_ACTIVE_ARCH = YES;
				SDKROOT = iphoneos;
				SWIFT_OPTIMIZATION_LEVEL = "-Onone";
			};
			name = Debug;
		};
		DCA3F3591C291F4E00CC7B76 /* Release */ = {
			isa = XCBuildConfiguration;
			buildSettings = {
				ALWAYS_SEARCH_USER_PATHS = NO;
				CLANG_CXX_LANGUAGE_STANDARD = "gnu++0x";
				CLANG_CXX_LIBRARY = "libc++";
				CLANG_ENABLE_MODULES = YES;
				CLANG_ENABLE_OBJC_ARC = YES;
				CLANG_WARN_BOOL_CONVERSION = YES;
				CLANG_WARN_CONSTANT_CONVERSION = YES;
				CLANG_WARN_DIRECT_OBJC_ISA_USAGE = YES_ERROR;
				CLANG_WARN_EMPTY_BODY = YES;
				CLANG_WARN_ENUM_CONVERSION = YES;
				CLANG_WARN_INT_CONVERSION = YES;
				CLANG_WARN_OBJC_ROOT_CLASS = YES_ERROR;
				CLANG_WARN_UNREACHABLE_CODE = YES;
				CLANG_WARN__DUPLICATE_METHOD_MATCH = YES;
				"CODE_SIGN_IDENTITY[sdk=iphoneos*]" = "iPhone Developer";
				COPY_PHASE_STRIP = NO;
				DEBUG_INFORMATION_FORMAT = "dwarf-with-dsym";
				ENABLE_NS_ASSERTIONS = NO;
				ENABLE_STRICT_OBJC_MSGSEND = YES;
				GCC_C_LANGUAGE_STANDARD = gnu99;
				GCC_NO_COMMON_BLOCKS = YES;
				GCC_WARN_64_TO_32_BIT_CONVERSION = YES;
				GCC_WARN_ABOUT_RETURN_TYPE = YES_ERROR;
				GCC_WARN_UNDECLARED_SELECTOR = YES;
				GCC_WARN_UNINITIALIZED_AUTOS = YES_AGGRESSIVE;
				GCC_WARN_UNUSED_FUNCTION = YES;
				GCC_WARN_UNUSED_VARIABLE = YES;
				IPHONEOS_DEPLOYMENT_TARGET = 9.2;
				MTL_ENABLE_DEBUG_INFO = NO;
				SDKROOT = iphoneos;
				VALIDATE_PRODUCT = YES;
			};
			name = Release;
		};
		DCA3F35B1C291F4E00CC7B76 /* Debug */ = {
			isa = XCBuildConfiguration;
			buildSettings = {
				ASSETCATALOG_COMPILER_APPICON_NAME = AppIcon;
				INFOPLIST_FILE = CookieCrunch/Info.plist;
				LD_RUNPATH_SEARCH_PATHS = "$(inherited) @executable_path/Frameworks";
				PRODUCT_BUNDLE_IDENTIFIER = com.schwahndive.CookieCrunch;
				PRODUCT_NAME = "$(TARGET_NAME)";
			};
			name = Debug;
		};
		DCA3F35C1C291F4E00CC7B76 /* Release */ = {
			isa = XCBuildConfiguration;
			buildSettings = {
				ASSETCATALOG_COMPILER_APPICON_NAME = AppIcon;
				INFOPLIST_FILE = CookieCrunch/Info.plist;
				LD_RUNPATH_SEARCH_PATHS = "$(inherited) @executable_path/Frameworks";
				PRODUCT_BUNDLE_IDENTIFIER = com.schwahndive.CookieCrunch;
				PRODUCT_NAME = "$(TARGET_NAME)";
			};
			name = Release;
		};
/* End XCBuildConfiguration section */

/* Begin XCConfigurationList section */
		DCA3F33F1C291F4E00CC7B76 /* Build configuration list for PBXProject "CookieCrunch" */ = {
			isa = XCConfigurationList;
			buildConfigurations = (
				DCA3F3581C291F4E00CC7B76 /* Debug */,
				DCA3F3591C291F4E00CC7B76 /* Release */,
			);
			defaultConfigurationIsVisible = 0;
			defaultConfigurationName = Release;
		};
		DCA3F35A1C291F4E00CC7B76 /* Build configuration list for PBXNativeTarget "CookieCrunch" */ = {
			isa = XCConfigurationList;
			buildConfigurations = (
				DCA3F35B1C291F4E00CC7B76 /* Debug */,
				DCA3F35C1C291F4E00CC7B76 /* Release */,
			);
			defaultConfigurationIsVisible = 0;
			defaultConfigurationName = Release;
		};
/* End XCConfigurationList section */
	};
	rootObject = DCA3F33C1C291F4E00CC7B76 /* Project object */;
}
